// !$*UTF8*$!
{
	archiveVersion = 1;
	classes = {
	};
	objectVersion = 56;
	objects = {

/* Begin PBXBuildFile section */
		439A173B2B3B3AB60006AA15 /* StillCaptureView.swift in Sources */ = {isa = PBXBuildFile; fileRef = 439A173A2B3B3AB60006AA15 /* StillCaptureView.swift */; };
		439A173F2B3B3D110006AA15 /* runTask.swift in Sources */ = {isa = PBXBuildFile; fileRef = 439A173E2B3B3D110006AA15 /* runTask.swift */; };
		439A17412B3B40550006AA15 /* GifCaptureView.swift in Sources */ = {isa = PBXBuildFile; fileRef = 439A17402B3B40550006AA15 /* GifCaptureView.swift */; };
		439A17442B3B439E0006AA15 /* CompactSlider in Frameworks */ = {isa = PBXBuildFile; productRef = 439A17432B3B439E0006AA15 /* CompactSlider */; };
		439A17462B3B46320006AA15 /* VideoCaptureView.swift in Sources */ = {isa = PBXBuildFile; fileRef = 439A17452B3B46320006AA15 /* VideoCaptureView.swift */; };
		43AA730A2B388F3B003FD444 /* BlackMagic_ToolsApp.swift in Sources */ = {isa = PBXBuildFile; fileRef = 43AA73092B388F3B003FD444 /* BlackMagic_ToolsApp.swift */; };
		43AA730C2B388F3B003FD444 /* ContentView.swift in Sources */ = {isa = PBXBuildFile; fileRef = 43AA730B2B388F3B003FD444 /* ContentView.swift */; };
		43AA730E2B388F3D003FD444 /* Assets.xcassets in Resources */ = {isa = PBXBuildFile; fileRef = 43AA730D2B388F3D003FD444 /* Assets.xcassets */; };
		43AA73112B388F3D003FD444 /* Preview Assets.xcassets in Resources */ = {isa = PBXBuildFile; fileRef = 43AA73102B388F3D003FD444 /* Preview Assets.xcassets */; };
		43AA731C2B388F3D003FD444 /* BlackMagic_ToolsTests.swift in Sources */ = {isa = PBXBuildFile; fileRef = 43AA731B2B388F3D003FD444 /* BlackMagic_ToolsTests.swift */; };
		43AA73262B388F3D003FD444 /* BlackMagic_ToolsUITests.swift in Sources */ = {isa = PBXBuildFile; fileRef = 43AA73252B388F3D003FD444 /* BlackMagic_ToolsUITests.swift */; };
		43AA73282B388F3D003FD444 /* BlackMagic_ToolsUITestsLaunchTests.swift in Sources */ = {isa = PBXBuildFile; fileRef = 43AA73272B388F3D003FD444 /* BlackMagic_ToolsUITestsLaunchTests.swift */; };
		43B9C2962B3A87140094F573 /* get_still_script in Resources */ = {isa = PBXBuildFile; fileRef = 43B9C2952B3A87130094F573 /* get_still_script */; };
/* End PBXBuildFile section */

/* Begin PBXContainerItemProxy section */
		43AA73182B388F3D003FD444 /* PBXContainerItemProxy */ = {
			isa = PBXContainerItemProxy;
			containerPortal = 43AA72FE2B388F3B003FD444 /* Project object */;
			proxyType = 1;
			remoteGlobalIDString = 43AA73052B388F3B003FD444;
			remoteInfo = "BlackMagic Tools";
		};
		43AA73222B388F3D003FD444 /* PBXContainerItemProxy */ = {
			isa = PBXContainerItemProxy;
			containerPortal = 43AA72FE2B388F3B003FD444 /* Project object */;
			proxyType = 1;
			remoteGlobalIDString = 43AA73052B388F3B003FD444;
			remoteInfo = "BlackMagic Tools";
		};
/* End PBXContainerItemProxy section */

/* Begin PBXFileReference section */
		439A173A2B3B3AB60006AA15 /* StillCaptureView.swift */ = {isa = PBXFileReference; lastKnownFileType = sourcecode.swift; path = StillCaptureView.swift; sourceTree = "<group>"; };
		439A173E2B3B3D110006AA15 /* runTask.swift */ = {isa = PBXFileReference; lastKnownFileType = sourcecode.swift; path = runTask.swift; sourceTree = "<group>"; };
		439A17402B3B40550006AA15 /* GifCaptureView.swift */ = {isa = PBXFileReference; lastKnownFileType = sourcecode.swift; path = GifCaptureView.swift; sourceTree = "<group>"; };
		439A17452B3B46320006AA15 /* VideoCaptureView.swift */ = {isa = PBXFileReference; lastKnownFileType = sourcecode.swift; path = VideoCaptureView.swift; sourceTree = "<group>"; };
		43AA73062B388F3B003FD444 /* BlackMagic Tools.app */ = {isa = PBXFileReference; explicitFileType = wrapper.application; includeInIndex = 0; path = "BlackMagic Tools.app"; sourceTree = BUILT_PRODUCTS_DIR; };
		43AA73092B388F3B003FD444 /* BlackMagic_ToolsApp.swift */ = {isa = PBXFileReference; lastKnownFileType = sourcecode.swift; path = BlackMagic_ToolsApp.swift; sourceTree = "<group>"; };
		43AA730B2B388F3B003FD444 /* ContentView.swift */ = {isa = PBXFileReference; lastKnownFileType = sourcecode.swift; path = ContentView.swift; sourceTree = "<group>"; };
		43AA730D2B388F3D003FD444 /* Assets.xcassets */ = {isa = PBXFileReference; lastKnownFileType = folder.assetcatalog; path = Assets.xcassets; sourceTree = "<group>"; };
		43AA73102B388F3D003FD444 /* Preview Assets.xcassets */ = {isa = PBXFileReference; lastKnownFileType = folder.assetcatalog; path = "Preview Assets.xcassets"; sourceTree = "<group>"; };
		43AA73122B388F3D003FD444 /* BlackMagic_Tools.entitlements */ = {isa = PBXFileReference; lastKnownFileType = text.plist.entitlements; path = BlackMagic_Tools.entitlements; sourceTree = "<group>"; };
		43AA73172B388F3D003FD444 /* BlackMagic ToolsTests.xctest */ = {isa = PBXFileReference; explicitFileType = wrapper.cfbundle; includeInIndex = 0; path = "BlackMagic ToolsTests.xctest"; sourceTree = BUILT_PRODUCTS_DIR; };
		43AA731B2B388F3D003FD444 /* BlackMagic_ToolsTests.swift */ = {isa = PBXFileReference; lastKnownFileType = sourcecode.swift; path = BlackMagic_ToolsTests.swift; sourceTree = "<group>"; };
		43AA73212B388F3D003FD444 /* BlackMagic ToolsUITests.xctest */ = {isa = PBXFileReference; explicitFileType = wrapper.cfbundle; includeInIndex = 0; path = "BlackMagic ToolsUITests.xctest"; sourceTree = BUILT_PRODUCTS_DIR; };
		43AA73252B388F3D003FD444 /* BlackMagic_ToolsUITests.swift */ = {isa = PBXFileReference; lastKnownFileType = sourcecode.swift; path = BlackMagic_ToolsUITests.swift; sourceTree = "<group>"; };
		43AA73272B388F3D003FD444 /* BlackMagic_ToolsUITestsLaunchTests.swift */ = {isa = PBXFileReference; lastKnownFileType = sourcecode.swift; path = BlackMagic_ToolsUITestsLaunchTests.swift; sourceTree = "<group>"; };
		43B9C2952B3A87130094F573 /* get_still_script */ = {isa = PBXFileReference; lastKnownFileType = "compiled.mach-o.executable"; path = get_still_script; sourceTree = "<group>"; };
/* End PBXFileReference section */

/* Begin PBXFrameworksBuildPhase section */
		43AA73032B388F3B003FD444 /* Frameworks */ = {
			isa = PBXFrameworksBuildPhase;
			buildActionMask = 2147483647;
			files = (
				439A17442B3B439E0006AA15 /* CompactSlider in Frameworks */,
			);
			runOnlyForDeploymentPostprocessing = 0;
		};
		43AA73142B388F3D003FD444 /* Frameworks */ = {
			isa = PBXFrameworksBuildPhase;
			buildActionMask = 2147483647;
			files = (
			);
			runOnlyForDeploymentPostprocessing = 0;
		};
		43AA731E2B388F3D003FD444 /* Frameworks */ = {
			isa = PBXFrameworksBuildPhase;
			buildActionMask = 2147483647;
			files = (
			);
			runOnlyForDeploymentPostprocessing = 0;
		};
/* End PBXFrameworksBuildPhase section */

/* Begin PBXGroup section */
		439A173C2B3B3CD00006AA15 /* Scripts */ = {
			isa = PBXGroup;
			children = (
				43B9C2952B3A87130094F573 /* get_still_script */,
				439A173E2B3B3D110006AA15 /* runTask.swift */,
			);
			path = Scripts;
			sourceTree = "<group>";
		};
		439A173D2B3B3CE60006AA15 /* SubViews */ = {
			isa = PBXGroup;
			children = (
				439A173A2B3B3AB60006AA15 /* StillCaptureView.swift */,
				439A17402B3B40550006AA15 /* GifCaptureView.swift */,
				439A17452B3B46320006AA15 /* VideoCaptureView.swift */,
			);
			path = SubViews;
			sourceTree = "<group>";
		};
		43AA72FD2B388F3B003FD444 = {
			isa = PBXGroup;
			children = (
				43AA73082B388F3B003FD444 /* BlackMagic Tools */,
				43AA731A2B388F3D003FD444 /* BlackMagic ToolsTests */,
				43AA73242B388F3D003FD444 /* BlackMagic ToolsUITests */,
				43AA73072B388F3B003FD444 /* Products */,
			);
			sourceTree = "<group>";
		};
		43AA73072B388F3B003FD444 /* Products */ = {
			isa = PBXGroup;
			children = (
				43AA73062B388F3B003FD444 /* BlackMagic Tools.app */,
				43AA73172B388F3D003FD444 /* BlackMagic ToolsTests.xctest */,
				43AA73212B388F3D003FD444 /* BlackMagic ToolsUITests.xctest */,
			);
			name = Products;
			sourceTree = "<group>";
		};
		43AA73082B388F3B003FD444 /* BlackMagic Tools */ = {
			isa = PBXGroup;
			children = (
				439A173D2B3B3CE60006AA15 /* SubViews */,
				439A173C2B3B3CD00006AA15 /* Scripts */,
				43AA730F2B388F3D003FD444 /* Preview Content */,
				43AA730D2B388F3D003FD444 /* Assets.xcassets */,
				43AA73122B388F3D003FD444 /* BlackMagic_Tools.entitlements */,
				43AA73092B388F3B003FD444 /* BlackMagic_ToolsApp.swift */,
				43AA730B2B388F3B003FD444 /* ContentView.swift */,
			);
			path = "BlackMagic Tools";
			sourceTree = "<group>";
		};
		43AA730F2B388F3D003FD444 /* Preview Content */ = {
			isa = PBXGroup;
			children = (
				43AA73102B388F3D003FD444 /* Preview Assets.xcassets */,
			);
			path = "Preview Content";
			sourceTree = "<group>";
		};
		43AA731A2B388F3D003FD444 /* BlackMagic ToolsTests */ = {
			isa = PBXGroup;
			children = (
				43AA731B2B388F3D003FD444 /* BlackMagic_ToolsTests.swift */,
			);
			path = "BlackMagic ToolsTests";
			sourceTree = "<group>";
		};
		43AA73242B388F3D003FD444 /* BlackMagic ToolsUITests */ = {
			isa = PBXGroup;
			children = (
				43AA73252B388F3D003FD444 /* BlackMagic_ToolsUITests.swift */,
				43AA73272B388F3D003FD444 /* BlackMagic_ToolsUITestsLaunchTests.swift */,
			);
			path = "BlackMagic ToolsUITests";
			sourceTree = "<group>";
		};
/* End PBXGroup section */

/* Begin PBXNativeTarget section */
		43AA73052B388F3B003FD444 /* BlackMagic Tools */ = {
			isa = PBXNativeTarget;
			buildConfigurationList = 43AA732B2B388F3D003FD444 /* Build configuration list for PBXNativeTarget "BlackMagic Tools" */;
			buildPhases = (
				43AA73022B388F3B003FD444 /* Sources */,
				43AA73032B388F3B003FD444 /* Frameworks */,
				43AA73042B388F3B003FD444 /* Resources */,
			);
			buildRules = (
			);
			dependencies = (
			);
			name = "BlackMagic Tools";
			packageProductDependencies = (
				439A17432B3B439E0006AA15 /* CompactSlider */,
			);
			productName = "BlackMagic Tools";
			productReference = 43AA73062B388F3B003FD444 /* BlackMagic Tools.app */;
			productType = "com.apple.product-type.application";
		};
		43AA73162B388F3D003FD444 /* BlackMagic ToolsTests */ = {
			isa = PBXNativeTarget;
			buildConfigurationList = 43AA732E2B388F3D003FD444 /* Build configuration list for PBXNativeTarget "BlackMagic ToolsTests" */;
			buildPhases = (
				43AA73132B388F3D003FD444 /* Sources */,
				43AA73142B388F3D003FD444 /* Frameworks */,
				43AA73152B388F3D003FD444 /* Resources */,
			);
			buildRules = (
			);
			dependencies = (
				43AA73192B388F3D003FD444 /* PBXTargetDependency */,
			);
			name = "BlackMagic ToolsTests";
			productName = "BlackMagic ToolsTests";
			productReference = 43AA73172B388F3D003FD444 /* BlackMagic ToolsTests.xctest */;
			productType = "com.apple.product-type.bundle.unit-test";
		};
		43AA73202B388F3D003FD444 /* BlackMagic ToolsUITests */ = {
			isa = PBXNativeTarget;
			buildConfigurationList = 43AA73312B388F3D003FD444 /* Build configuration list for PBXNativeTarget "BlackMagic ToolsUITests" */;
			buildPhases = (
				43AA731D2B388F3D003FD444 /* Sources */,
				43AA731E2B388F3D003FD444 /* Frameworks */,
				43AA731F2B388F3D003FD444 /* Resources */,
			);
			buildRules = (
			);
			dependencies = (
				43AA73232B388F3D003FD444 /* PBXTargetDependency */,
			);
			name = "BlackMagic ToolsUITests";
			productName = "BlackMagic ToolsUITests";
			productReference = 43AA73212B388F3D003FD444 /* BlackMagic ToolsUITests.xctest */;
			productType = "com.apple.product-type.bundle.ui-testing";
		};
/* End PBXNativeTarget section */

/* Begin PBXProject section */
		43AA72FE2B388F3B003FD444 /* Project object */ = {
			isa = PBXProject;
			attributes = {
				BuildIndependentTargetsInParallel = 1;
				LastSwiftUpdateCheck = 1430;
				LastUpgradeCheck = 1430;
				TargetAttributes = {
					43AA73052B388F3B003FD444 = {
						CreatedOnToolsVersion = 14.3.1;
						LastSwiftMigration = 1430;
					};
					43AA73162B388F3D003FD444 = {
						CreatedOnToolsVersion = 14.3.1;
						TestTargetID = 43AA73052B388F3B003FD444;
					};
					43AA73202B388F3D003FD444 = {
						CreatedOnToolsVersion = 14.3.1;
						TestTargetID = 43AA73052B388F3B003FD444;
					};
				};
			};
			buildConfigurationList = 43AA73012B388F3B003FD444 /* Build configuration list for PBXProject "BlackMagic Tools" */;
			compatibilityVersion = "Xcode 14.0";
			developmentRegion = en;
			hasScannedForEncodings = 0;
			knownRegions = (
				en,
				Base,
			);
			mainGroup = 43AA72FD2B388F3B003FD444;
			packageReferences = (
				439A17422B3B439E0006AA15 /* XCRemoteSwiftPackageReference "CompactSlider" */,
			);
			productRefGroup = 43AA73072B388F3B003FD444 /* Products */;
			projectDirPath = "";
			projectRoot = "";
			targets = (
				43AA73052B388F3B003FD444 /* BlackMagic Tools */,
				43AA73162B388F3D003FD444 /* BlackMagic ToolsTests */,
				43AA73202B388F3D003FD444 /* BlackMagic ToolsUITests */,
			);
		};
/* End PBXProject section */

/* Begin PBXResourcesBuildPhase section */
		43AA73042B388F3B003FD444 /* Resources */ = {
			isa = PBXResourcesBuildPhase;
			buildActionMask = 2147483647;
			files = (
				43AA73112B388F3D003FD444 /* Preview Assets.xcassets in Resources */,
				43AA730E2B388F3D003FD444 /* Assets.xcassets in Resources */,
				43B9C2962B3A87140094F573 /* get_still_script in Resources */,
			);
			runOnlyForDeploymentPostprocessing = 0;
		};
		43AA73152B388F3D003FD444 /* Resources */ = {
			isa = PBXResourcesBuildPhase;
			buildActionMask = 2147483647;
			files = (
			);
			runOnlyForDeploymentPostprocessing = 0;
		};
		43AA731F2B388F3D003FD444 /* Resources */ = {
			isa = PBXResourcesBuildPhase;
			buildActionMask = 2147483647;
			files = (
			);
			runOnlyForDeploymentPostprocessing = 0;
		};
/* End PBXResourcesBuildPhase section */

/* Begin PBXSourcesBuildPhase section */
		43AA73022B388F3B003FD444 /* Sources */ = {
			isa = PBXSourcesBuildPhase;
			buildActionMask = 2147483647;
			files = (
				439A173F2B3B3D110006AA15 /* runTask.swift in Sources */,
				439A173B2B3B3AB60006AA15 /* StillCaptureView.swift in Sources */,
				43AA730C2B388F3B003FD444 /* ContentView.swift in Sources */,
				439A17462B3B46320006AA15 /* VideoCaptureView.swift in Sources */,
				43AA730A2B388F3B003FD444 /* BlackMagic_ToolsApp.swift in Sources */,
				439A17412B3B40550006AA15 /* GifCaptureView.swift in Sources */,
			);
			runOnlyForDeploymentPostprocessing = 0;
		};
		43AA73132B388F3D003FD444 /* Sources */ = {
			isa = PBXSourcesBuildPhase;
			buildActionMask = 2147483647;
			files = (
				43AA731C2B388F3D003FD444 /* BlackMagic_ToolsTests.swift in Sources */,
			);
			runOnlyForDeploymentPostprocessing = 0;
		};
		43AA731D2B388F3D003FD444 /* Sources */ = {
			isa = PBXSourcesBuildPhase;
			buildActionMask = 2147483647;
			files = (
				43AA73282B388F3D003FD444 /* BlackMagic_ToolsUITestsLaunchTests.swift in Sources */,
				43AA73262B388F3D003FD444 /* BlackMagic_ToolsUITests.swift in Sources */,
			);
			runOnlyForDeploymentPostprocessing = 0;
		};
/* End PBXSourcesBuildPhase section */

/* Begin PBXTargetDependency section */
		43AA73192B388F3D003FD444 /* PBXTargetDependency */ = {
			isa = PBXTargetDependency;
			target = 43AA73052B388F3B003FD444 /* BlackMagic Tools */;
			targetProxy = 43AA73182B388F3D003FD444 /* PBXContainerItemProxy */;
		};
		43AA73232B388F3D003FD444 /* PBXTargetDependency */ = {
			isa = PBXTargetDependency;
			target = 43AA73052B388F3B003FD444 /* BlackMagic Tools */;
			targetProxy = 43AA73222B388F3D003FD444 /* PBXContainerItemProxy */;
		};
/* End PBXTargetDependency section */

/* Begin XCBuildConfiguration section */
		43AA73292B388F3D003FD444 /* Debug */ = {
			isa = XCBuildConfiguration;
			buildSettings = {
				ALWAYS_SEARCH_USER_PATHS = NO;
				CLANG_ANALYZER_NONNULL = YES;
				CLANG_ANALYZER_NUMBER_OBJECT_CONVERSION = YES_AGGRESSIVE;
				CLANG_CXX_LANGUAGE_STANDARD = "gnu++20";
				CLANG_ENABLE_MODULES = YES;
				CLANG_ENABLE_OBJC_ARC = YES;
				CLANG_ENABLE_OBJC_WEAK = YES;
				CLANG_WARN_BLOCK_CAPTURE_AUTORELEASING = YES;
				CLANG_WARN_BOOL_CONVERSION = YES;
				CLANG_WARN_COMMA = YES;
				CLANG_WARN_CONSTANT_CONVERSION = YES;
				CLANG_WARN_DEPRECATED_OBJC_IMPLEMENTATIONS = YES;
				CLANG_WARN_DIRECT_OBJC_ISA_USAGE = YES_ERROR;
				CLANG_WARN_DOCUMENTATION_COMMENTS = YES;
				CLANG_WARN_EMPTY_BODY = YES;
				CLANG_WARN_ENUM_CONVERSION = YES;
				CLANG_WARN_INFINITE_RECURSION = YES;
				CLANG_WARN_INT_CONVERSION = YES;
				CLANG_WARN_NON_LITERAL_NULL_CONVERSION = YES;
				CLANG_WARN_OBJC_IMPLICIT_RETAIN_SELF = YES;
				CLANG_WARN_OBJC_LITERAL_CONVERSION = YES;
				CLANG_WARN_OBJC_ROOT_CLASS = YES_ERROR;
				CLANG_WARN_QUOTED_INCLUDE_IN_FRAMEWORK_HEADER = YES;
				CLANG_WARN_RANGE_LOOP_ANALYSIS = YES;
				CLANG_WARN_STRICT_PROTOTYPES = YES;
				CLANG_WARN_SUSPICIOUS_MOVE = YES;
				CLANG_WARN_UNGUARDED_AVAILABILITY = YES_AGGRESSIVE;
				CLANG_WARN_UNREACHABLE_CODE = YES;
				CLANG_WARN__DUPLICATE_METHOD_MATCH = YES;
				COPY_PHASE_STRIP = NO;
				DEBUG_INFORMATION_FORMAT = dwarf;
				ENABLE_STRICT_OBJC_MSGSEND = YES;
				ENABLE_TESTABILITY = YES;
				GCC_C_LANGUAGE_STANDARD = gnu11;
				GCC_DYNAMIC_NO_PIC = NO;
				GCC_NO_COMMON_BLOCKS = YES;
				GCC_OPTIMIZATION_LEVEL = 0;
				GCC_PREPROCESSOR_DEFINITIONS = (
					"DEBUG=1",
					"$(inherited)",
				);
				GCC_WARN_64_TO_32_BIT_CONVERSION = YES;
				GCC_WARN_ABOUT_RETURN_TYPE = YES_ERROR;
				GCC_WARN_UNDECLARED_SELECTOR = YES;
				GCC_WARN_UNINITIALIZED_AUTOS = YES_AGGRESSIVE;
				GCC_WARN_UNUSED_FUNCTION = YES;
				GCC_WARN_UNUSED_VARIABLE = YES;
				MACOSX_DEPLOYMENT_TARGET = 13.0;
				MTL_ENABLE_DEBUG_INFO = INCLUDE_SOURCE;
				MTL_FAST_MATH = YES;
				ONLY_ACTIVE_ARCH = YES;
				SDKROOT = macosx;
				SWIFT_ACTIVE_COMPILATION_CONDITIONS = DEBUG;
				SWIFT_OPTIMIZATION_LEVEL = "-Onone";
			};
			name = Debug;
		};
		43AA732A2B388F3D003FD444 /* Release */ = {
			isa = XCBuildConfiguration;
			buildSettings = {
				ALWAYS_SEARCH_USER_PATHS = NO;
				CLANG_ANALYZER_NONNULL = YES;
				CLANG_ANALYZER_NUMBER_OBJECT_CONVERSION = YES_AGGRESSIVE;
				CLANG_CXX_LANGUAGE_STANDARD = "gnu++20";
				CLANG_ENABLE_MODULES = YES;
				CLANG_ENABLE_OBJC_ARC = YES;
				CLANG_ENABLE_OBJC_WEAK = YES;
				CLANG_WARN_BLOCK_CAPTURE_AUTORELEASING = YES;
				CLANG_WARN_BOOL_CONVERSION = YES;
				CLANG_WARN_COMMA = YES;
				CLANG_WARN_CONSTANT_CONVERSION = YES;
				CLANG_WARN_DEPRECATED_OBJC_IMPLEMENTATIONS = YES;
				CLANG_WARN_DIRECT_OBJC_ISA_USAGE = YES_ERROR;
				CLANG_WARN_DOCUMENTATION_COMMENTS = YES;
				CLANG_WARN_EMPTY_BODY = YES;
				CLANG_WARN_ENUM_CONVERSION = YES;
				CLANG_WARN_INFINITE_RECURSION = YES;
				CLANG_WARN_INT_CONVERSION = YES;
				CLANG_WARN_NON_LITERAL_NULL_CONVERSION = YES;
				CLANG_WARN_OBJC_IMPLICIT_RETAIN_SELF = YES;
				CLANG_WARN_OBJC_LITERAL_CONVERSION = YES;
				CLANG_WARN_OBJC_ROOT_CLASS = YES_ERROR;
				CLANG_WARN_QUOTED_INCLUDE_IN_FRAMEWORK_HEADER = YES;
				CLANG_WARN_RANGE_LOOP_ANALYSIS = YES;
				CLANG_WARN_STRICT_PROTOTYPES = YES;
				CLANG_WARN_SUSPICIOUS_MOVE = YES;
				CLANG_WARN_UNGUARDED_AVAILABILITY = YES_AGGRESSIVE;
				CLANG_WARN_UNREACHABLE_CODE = YES;
				CLANG_WARN__DUPLICATE_METHOD_MATCH = YES;
				COPY_PHASE_STRIP = NO;
				DEBUG_INFORMATION_FORMAT = "dwarf-with-dsym";
				ENABLE_NS_ASSERTIONS = NO;
				ENABLE_STRICT_OBJC_MSGSEND = YES;
				GCC_C_LANGUAGE_STANDARD = gnu11;
				GCC_NO_COMMON_BLOCKS = YES;
				GCC_WARN_64_TO_32_BIT_CONVERSION = YES;
				GCC_WARN_ABOUT_RETURN_TYPE = YES_ERROR;
				GCC_WARN_UNDECLARED_SELECTOR = YES;
				GCC_WARN_UNINITIALIZED_AUTOS = YES_AGGRESSIVE;
				GCC_WARN_UNUSED_FUNCTION = YES;
				GCC_WARN_UNUSED_VARIABLE = YES;
				MACOSX_DEPLOYMENT_TARGET = 13.0;
				MTL_ENABLE_DEBUG_INFO = NO;
				MTL_FAST_MATH = YES;
				SDKROOT = macosx;
				SWIFT_COMPILATION_MODE = wholemodule;
				SWIFT_OPTIMIZATION_LEVEL = "-O";
			};
			name = Release;
		};
		43AA732C2B388F3D003FD444 /* Debug */ = {
			isa = XCBuildConfiguration;
			buildSettings = {
				ASSETCATALOG_COMPILER_APPICON_NAME = AppIcon;
				ASSETCATALOG_COMPILER_GLOBAL_ACCENT_COLOR_NAME = AccentColor;
				CLANG_ENABLE_MODULES = YES;
				CODE_SIGN_ENTITLEMENTS = "BlackMagic Tools/BlackMagic_Tools.entitlements";
				"CODE_SIGN_IDENTITY[sdk=macosx*]" = "-";
				CODE_SIGN_STYLE = Automatic;
				COMBINE_HIDPI_IMAGES = YES;
				CURRENT_PROJECT_VERSION = 1;
				DEVELOPMENT_ASSET_PATHS = "\"BlackMagic Tools/Preview Content\"";
				ENABLE_PREVIEWS = YES;
				GENERATE_INFOPLIST_FILE = YES;
				INFOPLIST_KEY_LSApplicationCategoryType = "public.app-category.utilities";
				INFOPLIST_KEY_NSHumanReadableCopyright = "";
				LD_RUNPATH_SEARCH_PATHS = (
					"$(inherited)",
					"@executable_path/../Frameworks",
				);
				MARKETING_VERSION = 1.0;
				PRODUCT_BUNDLE_IDENTIFIER = "ckuzmick.BlackMagic-Tools";
				PRODUCT_NAME = "$(TARGET_NAME)";
				SUPPORTED_PLATFORMS = macosx;
				SUPPORTS_MACCATALYST = NO;
				SUPPORTS_MAC_DESIGNED_FOR_IPHONE_IPAD = NO;
				SWIFT_EMIT_LOC_STRINGS = YES;
				SWIFT_OPTIMIZATION_LEVEL = "-Onone";
				SWIFT_VERSION = 5.0;
			};
			name = Debug;
		};
		43AA732D2B388F3D003FD444 /* Release */ = {
			isa = XCBuildConfiguration;
			buildSettings = {
				ASSETCATALOG_COMPILER_APPICON_NAME = AppIcon;
				ASSETCATALOG_COMPILER_GLOBAL_ACCENT_COLOR_NAME = AccentColor;
				CLANG_ENABLE_MODULES = YES;
				CODE_SIGN_ENTITLEMENTS = "BlackMagic Tools/BlackMagic_Tools.entitlements";
				"CODE_SIGN_IDENTITY[sdk=macosx*]" = "-";
				CODE_SIGN_STYLE = Automatic;
				COMBINE_HIDPI_IMAGES = YES;
				CURRENT_PROJECT_VERSION = 1;
				DEVELOPMENT_ASSET_PATHS = "\"BlackMagic Tools/Preview Content\"";
				ENABLE_PREVIEWS = YES;
				GENERATE_INFOPLIST_FILE = YES;
				INFOPLIST_KEY_LSApplicationCategoryType = "public.app-category.utilities";
				INFOPLIST_KEY_NSHumanReadableCopyright = "";
				LD_RUNPATH_SEARCH_PATHS = (
					"$(inherited)",
					"@executable_path/../Frameworks",
				);
				MARKETING_VERSION = 1.0;
				PRODUCT_BUNDLE_IDENTIFIER = "ckuzmick.BlackMagic-Tools";
				PRODUCT_NAME = "$(TARGET_NAME)";
				SUPPORTED_PLATFORMS = macosx;
				SUPPORTS_MACCATALYST = NO;
				SUPPORTS_MAC_DESIGNED_FOR_IPHONE_IPAD = NO;
				SWIFT_EMIT_LOC_STRINGS = YES;
				SWIFT_VERSION = 5.0;
			};
			name = Release;
		};
		43AA732F2B388F3D003FD444 /* Debug */ = {
			isa = XCBuildConfiguration;
			buildSettings = {
				ALWAYS_EMBED_SWIFT_STANDARD_LIBRARIES = YES;
				BUNDLE_LOADER = "$(TEST_HOST)";
				CODE_SIGN_STYLE = Automatic;
				CURRENT_PROJECT_VERSION = 1;
				GENERATE_INFOPLIST_FILE = YES;
				MACOSX_DEPLOYMENT_TARGET = 13.0;
				MARKETING_VERSION = 1.0;
				PRODUCT_BUNDLE_IDENTIFIER = "ckuzmick.BlackMagic-ToolsTests";
				PRODUCT_NAME = "$(TARGET_NAME)";
				SWIFT_EMIT_LOC_STRINGS = NO;
				SWIFT_VERSION = 5.0;
				TEST_HOST = "$(BUILT_PRODUCTS_DIR)/BlackMagic Tools.app/$(BUNDLE_EXECUTABLE_FOLDER_PATH)/BlackMagic Tools";
			};
			name = Debug;
		};
		43AA73302B388F3D003FD444 /* Release */ = {
			isa = XCBuildConfiguration;
			buildSettings = {
				ALWAYS_EMBED_SWIFT_STANDARD_LIBRARIES = YES;
				BUNDLE_LOADER = "$(TEST_HOST)";
				CODE_SIGN_STYLE = Automatic;
				CURRENT_PROJECT_VERSION = 1;
				GENERATE_INFOPLIST_FILE = YES;
				MACOSX_DEPLOYMENT_TARGET = 13.0;
				MARKETING_VERSION = 1.0;
				PRODUCT_BUNDLE_IDENTIFIER = "ckuzmick.BlackMagic-ToolsTests";
				PRODUCT_NAME = "$(TARGET_NAME)";
				SWIFT_EMIT_LOC_STRINGS = NO;
				SWIFT_VERSION = 5.0;
				TEST_HOST = "$(BUILT_PRODUCTS_DIR)/BlackMagic Tools.app/$(BUNDLE_EXECUTABLE_FOLDER_PATH)/BlackMagic Tools";
			};
			name = Release;
		};
		43AA73322B388F3D003FD444 /* Debug */ = {
			isa = XCBuildConfiguration;
			buildSettings = {
				ALWAYS_EMBED_SWIFT_STANDARD_LIBRARIES = YES;
				CODE_SIGN_STYLE = Automatic;
				CURRENT_PROJECT_VERSION = 1;
				GENERATE_INFOPLIST_FILE = YES;
				MARKETING_VERSION = 1.0;
				PRODUCT_BUNDLE_IDENTIFIER = "ckuzmick.BlackMagic-ToolsUITests";
				PRODUCT_NAME = "$(TARGET_NAME)";
				SWIFT_EMIT_LOC_STRINGS = NO;
				SWIFT_VERSION = 5.0;
				TEST_TARGET_NAME = "BlackMagic Tools";
			};
			name = Debug;
		};
		43AA73332B388F3D003FD444 /* Release */ = {
			isa = XCBuildConfiguration;
			buildSettings = {
				ALWAYS_EMBED_SWIFT_STANDARD_LIBRARIES = YES;
				CODE_SIGN_STYLE = Automatic;
				CURRENT_PROJECT_VERSION = 1;
				GENERATE_INFOPLIST_FILE = YES;
				MARKETING_VERSION = 1.0;
				PRODUCT_BUNDLE_IDENTIFIER = "ckuzmick.BlackMagic-ToolsUITests";
				PRODUCT_NAME = "$(TARGET_NAME)";
				SWIFT_EMIT_LOC_STRINGS = NO;
				SWIFT_VERSION = 5.0;
				TEST_TARGET_NAME = "BlackMagic Tools";
			};
			name = Release;
		};
/* End XCBuildConfiguration section */

/* Begin XCConfigurationList section */
		43AA73012B388F3B003FD444 /* Build configuration list for PBXProject "BlackMagic Tools" */ = {
			isa = XCConfigurationList;
			buildConfigurations = (
				43AA73292B388F3D003FD444 /* Debug */,
				43AA732A2B388F3D003FD444 /* Release */,
			);
			defaultConfigurationIsVisible = 0;
			defaultConfigurationName = Release;
		};
		43AA732B2B388F3D003FD444 /* Build configuration list for PBXNativeTarget "BlackMagic Tools" */ = {
			isa = XCConfigurationList;
			buildConfigurations = (
				43AA732C2B388F3D003FD444 /* Debug */,
				43AA732D2B388F3D003FD444 /* Release */,
			);
			defaultConfigurationIsVisible = 0;
			defaultConfigurationName = Release;
		};
		43AA732E2B388F3D003FD444 /* Build configuration list for PBXNativeTarget "BlackMagic ToolsTests" */ = {
			isa = XCConfigurationList;
			buildConfigurations = (
				43AA732F2B388F3D003FD444 /* Debug */,
				43AA73302B388F3D003FD444 /* Release */,
			);
			defaultConfigurationIsVisible = 0;
			defaultConfigurationName = Release;
		};
		43AA73312B388F3D003FD444 /* Build configuration list for PBXNativeTarget "BlackMagic ToolsUITests" */ = {
			isa = XCConfigurationList;
			buildConfigurations = (
				43AA73322B388F3D003FD444 /* Debug */,
				43AA73332B388F3D003FD444 /* Release */,
			);
			defaultConfigurationIsVisible = 0;
			defaultConfigurationName = Release;
		};
/* End XCConfigurationList section */

/* Begin XCRemoteSwiftPackageReference section */
		439A17422B3B439E0006AA15 /* XCRemoteSwiftPackageReference "CompactSlider" */ = {
			isa = XCRemoteSwiftPackageReference;
			repositoryURL = "https://github.com/buh/CompactSlider.git";
			requirement = {
				kind = upToNextMajorVersion;
				minimumVersion = 1.0.0;
			};
		};
/* End XCRemoteSwiftPackageReference section */

/* Begin XCSwiftPackageProductDependency section */
		439A17432B3B439E0006AA15 /* CompactSlider */ = {
			isa = XCSwiftPackageProductDependency;
			package = 439A17422B3B439E0006AA15 /* XCRemoteSwiftPackageReference "CompactSlider" */;
			productName = CompactSlider;
		};
/* End XCSwiftPackageProductDependency section */
	};
	rootObject = 43AA72FE2B388F3B003FD444 /* Project object */;
}
